
Microsoft Visual Studio Solution File, Format Version 12.00
# Visual Studio Version 17
VisualStudioVersion = 17.7.34202.233
MinimumVisualStudioVersion = 10.0.40219.1
Project("{FAE04EC0-301F-11D3-BF4B-00C04F79EFBC}") = "HRS-Angular", "HRS-Angular.csproj", "{EEB632F8-C1C2-4F97-90F5-2276BBA73941}"
EndProject
Global
	GlobalSection(SolutionConfigurationPlatforms) = preSolution
		Debug|Any CPU = Debug|Any CPU
		Release|Any CPU = Release|Any CPU
	EndGlobalSection
	GlobalSection(ProjectConfigurationPlatforms) = postSolution
		{EEB632F8-C1C2-4F97-90F5-2276BBA73941}.Debug|Any CPU.ActiveCfg = Debug|Any CPU
		{EEB632F8-C1C2-4F97-90F5-2276BBA73941}.Debug|Any CPU.Build.0 = Debug|Any CPU
		{EEB632F8-C1C2-4F97-90F5-2276BBA73941}.Release|Any CPU.ActiveCfg = Release|Any CPU
		{EEB632F8-C1C2-4F97-90F5-2276BBA73941}.Release|Any CPU.Build.0 = Release|Any CPU
	EndGlobalSection
	GlobalSection(SolutionProperties) = preSolution
		HideSolutionNode = FALSE
	EndGlobalSection
	GlobalSection(ExtensibilityGlobals) = postSolution
		SolutionGuid = {447A438F-E66F-4327-960B-D0FA90716C66}
	EndGlobalSection
EndGlobal
